{
  "lockfile_version": "1",
  "packages": {
    "bash@latest": {
      "last_modified": "2026-01-12T00:44:08Z",
      "resolved": "github:NixOS/nixpkgs/3fbab70c6e69c87ea2b6e48aa6629da2aa6a23b0#bash",
      "source": "devbox-search",
      "version": "5.3p3",
      "systems": {
        "aarch64-darwin": {
          "outputs": [
            {
              "name": "out",
              "path": "/nix/store/pbimwi0b1n39vvv2m0b6j1yybl3nllin-bash-interactive-5.3p3",
              "default": true
            },
            {
              "name": "man",
              "path": "/nix/store/p8wcfarcvyrvmrw99py1k3jx38445940-bash-interactive-5.3p3-man",
              "default": true
            },
            {
              "name": "dev",
              "path": "/nix/store/jrqfsfm7j7xhcwyq9mp2z7fal33rq19s-bash-interactive-5.3p3-dev"
            },
            {
              "name": "doc",
              "path": "/nix/store/iwky2lbgwjl9biw3x56sm3r94r46wimh-bash-interactive-5.3p3-doc"
            },
            {
              "name": "info",
              "path": "/nix/store/vvbpz1vw4wk7qqack0al5zh7p9a1y570-bash-interactive-5.3p3-info"
            }
          ],
          "store_path": "/nix/store/pbimwi0b1n39vvv2m0b6j1yybl3nllin-bash-interactive-5.3p3"
        },
        "aarch64-linux": {
          "outputs": [
            {
              "name": "out",
              "path": "/nix/store/rlgii39vy2cp7y4rgxz6l0bl7115nk7a-bash-interactive-5.3p3",
              "default": true
            },
            {
              "name": "man",
              "path": "/nix/store/xaxbpf5l9incla45nsb4rghzidawq8md-bash-interactive-5.3p3-man",
              "default": true
            },
            {
              "name": "debug",
              "path": "/nix/store/29rl3mf7xs80aiqhsm29sl8a05wsii7v-bash-interactive-5.3p3-debug"
            },
            {
              "name": "dev",
              "path": "/nix/store/dd9f5c5zzk81i0vzqlvzmzxbk235d7n6-bash-interactive-5.3p3-dev"
            },
            {
              "name": "doc",
              "path": "/nix/store/in9060ldca4miyq7qjzisrjvxzaiz0hm-bash-interactive-5.3p3-doc"
            },
            {
              "name": "info",
              "path": "/nix/store/9i4cp6z5w0hhsbcfv8igis3ha1b41mfd-bash-interactive-5.3p3-info"
            }
          ],
          "store_path": "/nix/store/rlgii39vy2cp7y4rgxz6l0bl7115nk7a-bash-interactive-5.3p3"
        },
        "x86_64-darwin": {
          "outputs": [
            {
              "name": "out",
              "path": "/nix/store/i7cq9xch3mnsfgjifgmr1ybggv9njn0f-bash-interactive-5.3p3",
              "default": true
            },
            {
              "name": "man",
              "path": "/nix/store/1wq1717krwjj8k0dy632sjbiv61asa0m-bash-interactive-5.3p3-man",
              "default": true
            },
            {
              "name": "dev",
              "path": "/nix/store/97ysds9pbfyl2nf09m2na3jxvh7q58qi-bash-interactive-5.3p3-dev"
            },
            {
              "name": "doc",
              "path": "/nix/store/dj18n4g27q7qz9v075xf3iisx4wl38r5-bash-interactive-5.3p3-doc"
            },
            {
              "name": "info",
              "path": "/nix/store/2yqwn1r5663qqyf48qg12p9w2f8rwvnk-bash-interactive-5.3p3-info"
            }
          ],
          "store_path": "/nix/store/i7cq9xch3mnsfgjifgmr1ybggv9njn0f-bash-interactive-5.3p3"
        },
        "x86_64-linux": {
          "outputs": [
            {
              "name": "out",
              "path": "/nix/store/hkbylipx1iiawqdcjv858p501wv81bpm-bash-interactive-5.3p3",
              "default": true
            },
            {
              "name": "man",
              "path": "/nix/store/v26p9gyxsic1d2428hq39b9kqy206r05-bash-interactive-5.3p3-man",
              "default": true
            },
            {
              "name": "debug",
              "path": "/nix/store/d836xvvrawwc0dmdrfas6v25ibqmn5cb-bash-interactive-5.3p3-debug"
            },
            {
              "name": "dev",
              "path": "/nix/store/9xglrdgxlfd1rgy4ldij7lxcgbjz17fx-bash-interactive-5.3p3-dev"
            },
            {
              "name": "doc",
              "path": "/nix/store/66b5nfg85cc55jvppncp5pa1941sxs8h-bash-interactive-5.3p3-doc"
            },
            {
              "name": "info",
              "path": "/nix/store/s35gwfmpi4g4x3x5wciw3g21mmy946am-bash-interactive-5.3p3-info"
            }
          ],
          "store_path": "/nix/store/hkbylipx1iiawqdcjv858p501wv81bpm-bash-interactive-5.3p3"
        }
      }
    },
    "gh@latest": {
      "last_modified": "2025-12-31T03:27:36Z",
      "resolved": "github:NixOS/nixpkgs/f665af0cdb70ed27e1bd8f9fdfecaf451260fc55#gh",
      "source": "devbox-search",
      "version": "2.83.2",
      "systems": {
        "aarch64-darwin": {
          "outputs": [
            {
              "name": "out",
              "path": "/nix/store/628v229i04rb1dflknh615bpydpcd3q1-gh-2.83.2",
              "default": true
            }
          ],
          "store_path": "/nix/store/628v229i04rb1dflknh615bpydpcd3q1-gh-2.83.2"
        },
        "aarch64-linux": {
          "outputs": [
            {
              "name": "out",
              "path": "/nix/store/ricbdm2m9538a3hbkavwrfdrvg021kb6-gh-2.83.2",
              "default": true
            }
          ],
          "store_path": "/nix/store/ricbdm2m9538a3hbkavwrfdrvg021kb6-gh-2.83.2"
        },
        "x86_64-darwin": {
          "outputs": [
            {
              "name": "out",
              "path": "/nix/store/5xf0w0i8sq5ym2yb4a4gjjpakffwf24r-gh-2.83.2",
              "default": true
            }
          ],
          "store_path": "/nix/store/5xf0w0i8sq5ym2yb4a4gjjpakffwf24r-gh-2.83.2"
        },
        "x86_64-linux": {
          "outputs": [
            {
              "name": "out",
              "path": "/nix/store/6yfpl0bpgivl0xzr1fvzdwzwv3q5r08k-gh-2.83.2",
              "default": true
            }
          ],
          "store_path": "/nix/store/6yfpl0bpgivl0xzr1fvzdwzwv3q5r08k-gh-2.83.2"
        }
      }
    },
    "git@latest": {
      "last_modified": "2026-01-12T00:44:08Z",
      "resolved": "github:NixOS/nixpkgs/3fbab70c6e69c87ea2b6e48aa6629da2aa6a23b0#git",
      "source": "devbox-search",
      "version": "2.52.0",
      "systems": {
        "aarch64-darwin": {
          "outputs": [
            {
              "name": "out",
              "path": "/nix/store/1xy62wrp3m91snd3cazxgg0yrplb6sav-git-2.52.0",
              "default": true
            },
            {
              "name": "doc",
              "path": "/nix/store/1518yqnr4z0p65jfv8skw2qwc30ad5la-git-2.52.0-doc"
            }
          ],
          "store_path": "/nix/store/1xy62wrp3m91snd3cazxgg0yrplb6sav-git-2.52.0"
        },
        "aarch64-linux": {
          "outputs": [
            {
              "name": "out",
              "path": "/nix/store/mfbr42w740arf759n51nhki221lang5z-git-2.52.0",
              "default": true
            },
            {
              "name": "debug",
              "path": "/nix/store/q0lq2fczq1y9q9028k4ripf38mfy3n42-git-2.52.0-debug"
            },
            {
              "name": "doc",
              "path": "/nix/store/lm1plgvh8qlv0amm8wiz8l00ky298hws-git-2.52.0-doc"
            }
          ],
          "store_path": "/nix/store/mfbr42w740arf759n51nhki221lang5z-git-2.52.0"
        },
        "x86_64-darwin": {
          "outputs": [
            {
              "name": "out",
              "path": "/nix/store/0lxp1s4hb0xb0di1a5jg08rr8hk0cvz8-git-2.52.0",
              "default": true
            },
            {
              "name": "doc",
              "path": "/nix/store/a9903b6q3clvx61l8drkpr262fb5qmik-git-2.52.0-doc"
            }
          ],
          "store_path": "/nix/store/0lxp1s4hb0xb0di1a5jg08rr8hk0cvz8-git-2.52.0"
        },
        "x86_64-linux": {
          "outputs": [
            {
              "name": "out",
              "path": "/nix/store/fryiyyhhilpqhx2wc4b6l5gnxc8w18rg-git-2.52.0",
              "default": true
            },
            {
              "name": "debug",
              "path": "/nix/store/q6m51s4q8kddlh9b9rb63v1yqvlv3xgp-git-2.52.0-debug"
            },
            {
              "name": "doc",
              "path": "/nix/store/n4zq81winwf8d5y2ra7fjznwl6cnhggz-git-2.52.0-doc"
            }
          ],
          "store_path": "/nix/store/fryiyyhhilpqhx2wc4b6l5gnxc8w18rg-git-2.52.0"
        }
      }
    },
    "github:NixOS/nixpkgs/nixpkgs-unstable": {
      "last_modified": "2026-01-02T14:39:32Z",
      "resolved": "github:NixOS/nixpkgs/16c7794d0a28b5a37904d55bcca36003b9109aaa?lastModified=1767364772"
    },
    "go-task@latest": {
      "last_modified": "2025-12-31T03:27:36Z",
      "resolved": "github:NixOS/nixpkgs/f665af0cdb70ed27e1bd8f9fdfecaf451260fc55#go-task",
      "source": "devbox-search",
      "version": "3.45.5",
      "systems": {
        "aarch64-darwin": {
          "outputs": [
            {
              "name": "out",
              "path": "/nix/store/9ybcllfqylj7a7w42kiw9vqwd941s5lw-go-task-3.45.5",
              "default": true
            }
          ],
          "store_path": "/nix/store/9ybcllfqylj7a7w42kiw9vqwd941s5lw-go-task-3.45.5"
        },
        "aarch64-linux": {
          "outputs": [
            {
              "name": "out",
              "path": "/nix/store/xiyrhd65ya9ynf3mrvb9kfg00x7nf1m6-go-task-3.45.5",
              "default": true
            }
          ],
          "store_path": "/nix/store/xiyrhd65ya9ynf3mrvb9kfg00x7nf1m6-go-task-3.45.5"
        },
        "x86_64-darwin": {
          "outputs": [
            {
              "name": "out",
              "path": "/nix/store/znxnsk6k9ar637pi2dimrxmijqq0lf0b-go-task-3.45.5",
              "default": true
            }
          ],
          "store_path": "/nix/store/znxnsk6k9ar637pi2dimrxmijqq0lf0b-go-task-3.45.5"
        },
        "x86_64-linux": {
          "outputs": [
            {
              "name": "out",
              "path": "/nix/store/w2hq0and0k2v1l4fbfsa6r4sadvixhsg-go-task-3.45.5",
              "default": true
            }
          ],
          "store_path": "/nix/store/w2hq0and0k2v1l4fbfsa6r4sadvixhsg-go-task-3.45.5"
        }
      }
    },
    "gum@latest": {
      "last_modified": "2025-12-31T03:27:36Z",
      "resolved": "github:NixOS/nixpkgs/f665af0cdb70ed27e1bd8f9fdfecaf451260fc55#gum",
      "source": "devbox-search",
      "version": "0.17.0",
      "systems": {
        "aarch64-darwin": {
          "outputs": [
            {
              "name": "out",
              "path": "/nix/store/gx1mhqsn2gkl36vj9nvlcbqdgakfyfjh-gum-0.17.0",
              "default": true
            }
          ],
          "store_path": "/nix/store/gx1mhqsn2gkl36vj9nvlcbqdgakfyfjh-gum-0.17.0"
        },
        "aarch64-linux": {
          "outputs": [
            {
              "name": "out",
              "path": "/nix/store/km8b8hxkbbc01r80wamr61icrqnpb9ra-gum-0.17.0",
              "default": true
            }
          ],
          "store_path": "/nix/store/km8b8hxkbbc01r80wamr61icrqnpb9ra-gum-0.17.0"
        },
        "x86_64-darwin": {
          "outputs": [
            {
              "name": "out",
              "path": "/nix/store/xwnx26y0zmikfdz7szfmlkimswyqrp92-gum-0.17.0",
              "default": true
            }
          ],
          "store_path": "/nix/store/xwnx26y0zmikfdz7szfmlkimswyqrp92-gum-0.17.0"
        },
        "x86_64-linux": {
          "outputs": [
            {
              "name": "out",
              "path": "/nix/store/ppakdx7303zppgivbdbp5zjck3iz6g7z-gum-0.17.0",
              "default": true
            }
          ],
          "store_path": "/nix/store/ppakdx7303zppgivbdbp5zjck3iz6g7z-gum-0.17.0"
        }
      }
    },
    "jq@latest": {
      "last_modified": "2026-01-10T08:02:33Z",
      "resolved": "github:NixOS/nixpkgs/3146c6aa9995e7351a398e17470e15305e6e18ff#jq",
      "source": "devbox-search",
      "version": "1.8.1",
      "systems": {
        "aarch64-darwin": {
          "outputs": [
            {
              "name": "bin",
              "path": "/nix/store/9rm6fm3zq1jq8rgsx528cw8wkmfya2gf-jq-1.8.1-bin",
              "default": true
            },
            {
              "name": "man",
              "path": "/nix/store/cv999saj62xhq7xv5i7q6944vljykfmw-jq-1.8.1-man",
              "default": true
            },
            {
              "name": "out",
              "path": "/nix/store/g371yvjasdr552v98p5kav7n35s1dfib-jq-1.8.1"
            },
            {
              "name": "dev",
              "path": "/nix/store/5camppj4hz2mgkdbxs0kr6nvh6qa65wf-jq-1.8.1-dev"
            },
            {
              "name": "doc",
              "path": "/nix/store/lak094rhhxlaj1qycadmxyfphgjadj5r-jq-1.8.1-doc"
            }
          ],
          "store_path": "/nix/store/9rm6fm3zq1jq8rgsx528cw8wkmfya2gf-jq-1.8.1-bin"
        },
        "aarch64-linux": {
          "outputs": [
            {
              "name": "bin",
              "path": "/nix/store/m8qv4g54q3jmjb8i33v9lljcwhydx2vd-jq-1.8.1-bin",
              "default": true
            },
            {
              "name": "man",
              "path": "/nix/store/9x2457g76jikfy7xq4mjqwzl8iz3zvxj-jq-1.8.1-man",
              "default": true
            },
            {
              "name": "out",
              "path": "/nix/store/16lg603jzppwjanlakcak1ais69mkd03-jq-1.8.1"
            },
            {
              "name": "dev",
              "path": "/nix/store/5ykn83b3hhvnnq0p5vqgcrzihrl9wpsl-jq-1.8.1-dev"
            },
            {
              "name": "doc",
              "path": "/nix/store/37ypy1595g6rj3cymh1mpk2b25fx40g7-jq-1.8.1-doc"
            }
          ],
          "store_path": "/nix/store/m8qv4g54q3jmjb8i33v9lljcwhydx2vd-jq-1.8.1-bin"
        },
        "x86_64-darwin": {
          "outputs": [
            {
              "name": "bin",
              "path": "/nix/store/kkb17whpkdrmn9g3gk7y6l69vipxsw0i-jq-1.8.1-bin",
              "default": true
            },
            {
              "name": "man",
              "path": "/nix/store/iwr61wi83kflqvz8j5nf7ridaqq6nh2w-jq-1.8.1-man",
              "default": true
            },
            {
              "name": "dev",
              "path": "/nix/store/lypnqs272644l8ff6wfji9rg5jw10v7h-jq-1.8.1-dev"
            },
            {
              "name": "doc",
              "path": "/nix/store/nyw97c4pywfcqqap5hyk9xjghczlbshl-jq-1.8.1-doc"
            },
            {
              "name": "out",
              "path": "/nix/store/ri930a557685c64bdh88a5031i7hx3vy-jq-1.8.1"
            }
          ],
          "store_path": "/nix/store/kkb17whpkdrmn9g3gk7y6l69vipxsw0i-jq-1.8.1-bin"
        },
        "x86_64-linux": {
          "outputs": [
            {
              "name": "bin",
              "path": "/nix/store/zssasryipb2x4gk2ahzacl4mvvcmk48j-jq-1.8.1-bin",
              "default": true
            },
            {
              "name": "man",
              "path": "/nix/store/7d4pv1iymyqk2lykwj1ydml3rjhc6gl3-jq-1.8.1-man",
              "default": true
            },
            {
              "name": "dev",
              "path": "/nix/store/rmxxm5jnxq93kvkhbr2b3hzj6v3ldp8z-jq-1.8.1-dev"
            },
            {
              "name": "doc",
              "path": "/nix/store/mkhfvc69grlky3iblibkw9wcc12jcdqq-jq-1.8.1-doc"
            },
            {
              "name": "out",
              "path": "/nix/store/807g765zgpmp1c8fm5y40rw2gbr1k6dk-jq-1.8.1"
            }
          ],
          "store_path": "/nix/store/zssasryipb2x4gk2ahzacl4mvvcmk48j-jq-1.8.1-bin"
        }
      }
    },
    "nodejs_24@latest": {
      "last_modified": "2025-12-29T16:45:58Z",
      "plugin_version": "0.0.2",
      "resolved": "github:NixOS/nixpkgs/346dd96ad74dc4457a9db9de4f4f57dab2e5731d#nodejs_24",
      "source": "devbox-search",
      "version": "24.12.0",
      "systems": {
        "aarch64-darwin": {
          "outputs": [
            {
              "name": "out",
              "path": "/nix/store/b1h0af3yb3z9jz048phclcqw6ihiww67-nodejs-24.12.0",
              "default": true
            },
            {
              "name": "dev",
              "path": "/nix/store/ksn4nj0nbp0ikmh4scy9x4biqqdswwhy-nodejs-24.12.0-dev"
            },
            {
              "name": "libv8",
              "path": "/nix/store/3x72bm7l30ib7l7cximrp0sklcq8jqwy-nodejs-24.12.0-libv8"
            }
          ],
          "store_path": "/nix/store/b1h0af3yb3z9jz048phclcqw6ihiww67-nodejs-24.12.0"
        },
        "aarch64-linux": {
          "outputs": [
            {
              "name": "out",
              "path": "/nix/store/9jfsyhcr9c6rpm94lrkibv75jkggvwss-nodejs-24.12.0",
              "default": true
            },
            {
              "name": "dev",
              "path": "/nix/store/7izhv9x1yvsmyrhmmyps6bxjjclajm80-nodejs-24.12.0-dev"
            },
            {
              "name": "libv8",
              "path": "/nix/store/8hl74pnc1qyz68rg10ixw7fz32hcxqkk-nodejs-24.12.0-libv8"
            }
          ],
          "store_path": "/nix/store/9jfsyhcr9c6rpm94lrkibv75jkggvwss-nodejs-24.12.0"
        },
        "x86_64-darwin": {
          "outputs": [
            {
              "name": "out",
              "path": "/nix/store/cj1243xswxvnwgifyiyg8axhn0r2vl48-nodejs-24.12.0",
              "default": true
            },
            {
              "name": "dev",
              "path": "/nix/store/kzia3rkaf9vwpn3py23q9v49jpjm6zx7-nodejs-24.12.0-dev"
            },
            {
              "name": "libv8",
              "path": "/nix/store/xszji81xj7ghjhz7jk0jkhb84nfwyd8f-nodejs-24.12.0-libv8"
            }
          ],
          "store_path": "/nix/store/cj1243xswxvnwgifyiyg8axhn0r2vl48-nodejs-24.12.0"
        },
        "x86_64-linux": {
          "outputs": [
            {
              "name": "out",
              "path": "/nix/store/9z1v3wyrxp6fpyzw21lcakd5w7aknzyc-nodejs-24.12.0",
              "default": true
            },
            {
              "name": "libv8",
              "path": "/nix/store/5yvx909wlis13qd2y1ahwl7ij21ma69a-nodejs-24.12.0-libv8"
            },
            {
              "name": "dev",
              "path": "/nix/store/7ll99p08gmpg0n048669p80zjibl5akr-nodejs-24.12.0-dev"
            }
          ],
          "store_path": "/nix/store/9z1v3wyrxp6fpyzw21lcakd5w7aknzyc-nodejs-24.12.0"
        }
      }
    },
    "poetry@latest": {
      "last_modified": "2026-01-09T13:41:53Z",
      "plugin_version": "0.0.4",
      "resolved": "github:NixOS/nixpkgs/5f02c91314c8ba4afe83b256b023756412218535#poetry",
      "source": "devbox-search",
      "version": "2.2.1",
      "systems": {
        "aarch64-darwin": {
          "outputs": [
            {
              "name": "out",
              "path": "/nix/store/mxk5m0cfdv3cqicx15r97gn982z1m380-python3.13-poetry-2.2.1",
              "default": true
            },
            {
              "name": "dist",
              "path": "/nix/store/wb27ijqwf0xb555864wqkid0jcs73931-python3.13-poetry-2.2.1-dist"
            }
          ],
          "store_path": "/nix/store/mxk5m0cfdv3cqicx15r97gn982z1m380-python3.13-poetry-2.2.1"
        },
        "aarch64-linux": {
          "outputs": [
            {
              "name": "out",
              "path": "/nix/store/s7xkby9zjvvdab3v6m9lc38yj8ai74qw-python3.13-poetry-2.2.1",
              "default": true
            },
            {
              "name": "dist",
              "path": "/nix/store/z9a0il3zbfan1blpnljk4mhdxgdfqhb9-python3.13-poetry-2.2.1-dist"
            }
          ],
          "store_path": "/nix/store/s7xkby9zjvvdab3v6m9lc38yj8ai74qw-python3.13-poetry-2.2.1"
        },
        "x86_64-darwin": {
          "outputs": [
            {
              "name": "out",
              "path": "/nix/store/03nh5j3qglpzi89m2q0vws1wda9l9czj-python3.13-poetry-2.2.1",
              "default": true
            },
            {
              "name": "dist",
              "path": "/nix/store/yil4n29s728rkf22jjx0sj6q6sx3hmvl-python3.13-poetry-2.2.1-dist"
            }
          ],
          "store_path": "/nix/store/03nh5j3qglpzi89m2q0vws1wda9l9czj-python3.13-poetry-2.2.1"
        },
        "x86_64-linux": {
          "outputs": [
            {
              "name": "out",
              "path": "/nix/store/zv4va3swx5qcnlmx801p63n7jx59fgpl-python3.13-poetry-2.2.1",
              "default": true
            },
            {
              "name": "dist",
              "path": "/nix/store/5s4yf66g1l2vq2z113wphp13v3pvvi4f-python3.13-poetry-2.2.1-dist"
            }
          ],
          "store_path": "/nix/store/zv4va3swx5qcnlmx801p63n7jx59fgpl-python3.13-poetry-2.2.1"
        }
      }
    },
    "python312@latest": {
      "last_modified": "2025-12-31T03:27:36Z",
      "plugin_version": "0.0.4",
      "resolved": "github:NixOS/nixpkgs/f665af0cdb70ed27e1bd8f9fdfecaf451260fc55#python312",
      "source": "devbox-search",
      "version": "3.12.12",
      "systems": {
        "aarch64-darwin": {
          "outputs": [
            {
              "name": "out",
              "path": "/nix/store/bzy1s8kfnz8hsc96ji7pwn0377wwsgw5-python3-3.12.12",
              "default": true
            }
          ],
          "store_path": "/nix/store/bzy1s8kfnz8hsc96ji7pwn0377wwsgw5-python3-3.12.12"
        },
        "aarch64-linux": {
          "outputs": [
            {
              "name": "out",
              "path": "/nix/store/wh5w9bgdwkfwamk5vs9pq36ncqj1rhwq-python3-3.12.12",
              "default": true
            },
            {
              "name": "debug",
              "path": "/nix/store/nqi4qn3skyrn8pbfzszcc622ms7arbcp-python3-3.12.12-debug"
            }
          ],
          "store_path": "/nix/store/wh5w9bgdwkfwamk5vs9pq36ncqj1rhwq-python3-3.12.12"
        },
        "x86_64-darwin": {
          "outputs": [
            {
              "name": "out",
              "path": "/nix/store/izh5ff9bjyz5sr7siaypz3333rfzifz0-python3-3.12.12",
              "default": true
            }
          ],
          "store_path": "/nix/store/izh5ff9bjyz5sr7siaypz3333rfzifz0-python3-3.12.12"
        },
        "x86_64-linux": {
          "outputs": [
            {
              "name": "out",
              "path": "/nix/store/iizfzmqjdfvbyx82gqw92glb5zl6m4my-python3-3.12.12",
              "default": true
            },
            {
              "name": "debug",
              "path": "/nix/store/czxfvqyngv5zg2l2ylcgbby5r51w7z2w-python3-3.12.12-debug"
            }
          ],
          "store_path": "/nix/store/iizfzmqjdfvbyx82gqw92glb5zl6m4my-python3-3.12.12"
        }
      }
    },
    "starship@latest": {
      "last_modified": "2025-12-31T03:27:36Z",
      "resolved": "github:NixOS/nixpkgs/f665af0cdb70ed27e1bd8f9fdfecaf451260fc55#starship",
      "source": "devbox-search",
      "version": "1.24.2",
      "systems": {
        "aarch64-darwin": {
          "outputs": [
            {
              "name": "out",
              "path": "/nix/store/p8nlvjiazzxrk9q5nrrp52g71wl5hly1-starship-1.24.2",
              "default": true
            }
          ],
          "store_path": "/nix/store/p8nlvjiazzxrk9q5nrrp52g71wl5hly1-starship-1.24.2"
        },
        "aarch64-linux": {
          "outputs": [
            {
              "name": "out",
              "path": "/nix/store/f0rinqzsfaypy43n9s8snf96qcjvb74j-starship-1.24.2",
              "default": true
            }
          ],
          "store_path": "/nix/store/f0rinqzsfaypy43n9s8snf96qcjvb74j-starship-1.24.2"
        },
        "x86_64-darwin": {
          "outputs": [
            {
              "name": "out",
              "path": "/nix/store/zahs3zabm2fn306kw325vlbh4755ksc0-starship-1.24.2",
              "default": true
            }
          ],
          "store_path": "/nix/store/zahs3zabm2fn306kw325vlbh4755ksc0-starship-1.24.2"
        },
        "x86_64-linux": {
          "outputs": [
            {
              "name": "out",
              "path": "/nix/store/a0c2wlps23i2dyiqrz5pp6ldi7zh8188-starship-1.24.2",
              "default": true
            }
          ],
          "store_path": "/nix/store/a0c2wlps23i2dyiqrz5pp6ldi7zh8188-starship-1.24.2"
        }
      }
    },
    "yq-go@latest": {
      "last_modified": "2025-12-31T03:27:36Z",
      "resolved": "github:NixOS/nixpkgs/f665af0cdb70ed27e1bd8f9fdfecaf451260fc55#yq-go",
      "source": "devbox-search",
      "version": "4.50.1",
      "systems": {
        "aarch64-darwin": {
          "outputs": [
            {
              "name": "out",
              "path": "/nix/store/ihnllpwbhrpj6wfgmx4cqhv5qjm117fa-yq-go-4.50.1",
              "default": true
            }
          ],
          "store_path": "/nix/store/ihnllpwbhrpj6wfgmx4cqhv5qjm117fa-yq-go-4.50.1"
        },
        "aarch64-linux": {
          "outputs": [
            {
              "name": "out",
              "path": "/nix/store/n9qa1n3chinld0an3mghq2fiwg341csq-yq-go-4.50.1",
              "default": true
            }
          ],
          "store_path": "/nix/store/n9qa1n3chinld0an3mghq2fiwg341csq-yq-go-4.50.1"
        },
        "x86_64-darwin": {
          "outputs": [
            {
              "name": "out",
              "path": "/nix/store/i37722ivy7914srsrm3j1r8h7z9jlck4-yq-go-4.50.1",
              "default": true
            }
          ],
          "store_path": "/nix/store/i37722ivy7914srsrm3j1r8h7z9jlck4-yq-go-4.50.1"
        },
        "x86_64-linux": {
          "outputs": [
            {
              "name": "out",
              "path": "/nix/store/6wrfpk1d0y0dzdpsbac6kvph9gya1n64-yq-go-4.50.1",
              "default": true
            }
          ],
          "store_path": "/nix/store/6wrfpk1d0y0dzdpsbac6kvph9gya1n64-yq-go-4.50.1"
        }
      }
    }
  }
}
